{
  "lockfileVersion": 1,
  "configVersion": 1,
  "workspaces": {
    "": {
      "name": "@supacloud/lite",
      "dependencies": {
        "@electric-sql/pglite": "0.5.4",
        "tar": "^7.5.22",
      },
      "devDependencies": {
        "@supabase/supabase-js": "^2.110.9",
        "@types/bun": "^1.3.14",
        "typescript": "^5.9.3",
      },
    },
  },
  "packages": {
    "@electric-sql/pglite": ["@electric-sql/pglite@0.5.4", "", {}, "sha512-yYZUyyXrHU7tPlCjwZQJ6hIG9DscdCCn7Uk0mYKwC1FeHX286AbcmFveMiRBEak8e9iPupjsoVImN3yJZVed2g=="],

    "@isaacs/fs-minipass": ["@isaacs/fs-minipass@4.0.1", "", { "dependencies": { "minipass": "^7.0.4" } }, "sha512-wgm9Ehl2jpeqP3zw/7mo3kRHFp5MEDhqAdwy1fTGkHAwnkGOVsgpvQhL8B5n1qlb01jV3n/bI0ZfZp5lWA1k4w=="],

    "@supabase/auth-js": ["@supabase/auth-js@2.110.9", "", { "dependencies": { "tslib": "2.8.1" } }, "sha512-XQIWyJfwEUdtzinuLUWPNSJbJKWdCQPqC7dDY45lA1qhX/OzvGPE+4OyPPZVOVWVh4DlPvk5RT2XL6SEAY0MoA=="],

    "@supabase/functions-js": ["@supabase/functions-js@2.110.9", "", { "dependencies": { "tslib": "2.8.1" } }, "sha512-iSL6ih4vWK5Myc1lCuDoApfeB3Ov3cZIExvlCuQEZTzyzOKG4SLxVKPrBZG/QzwAjp7TEy0LCd0zZQtE5UAaDQ=="],

    "@supabase/phoenix": ["@supabase/phoenix@0.4.5", "", {}, "sha512-aAn9H9ovVyeApKy11OWOrrOGq8DV68yWeH4ud2lN9fzn4aO8Zb5GLL9m1pUg9nLqIcT+ZDfAcsZe0E/nqdv2lw=="],

    "@supabase/postgrest-js": ["@supabase/postgrest-js@2.110.9", "", { "dependencies": { "tslib": "2.8.1" } }, "sha512-YEfUzBMNkDE9OMfjzZnVgJH9h7y+wxxXryrgYk/t3boVtjPPlfwTdWRx8YkihuIbl4zxzdG4I0yiS4nd4Lmj8Q=="],

    "@supabase/realtime-js": ["@supabase/realtime-js@2.110.9", "", { "dependencies": { "@supabase/phoenix": "0.4.5", "tslib": "2.8.1" } }, "sha512-XHau+5jIOEAtS9hNiSrL4/2SXSt0EApChsj+f2VJL2mL+eicpUYLkANBu+5awFLIjXGOkys+ClYQ7Dg/3UTHcA=="],

    "@supabase/storage-js": ["@supabase/storage-js@2.110.9", "", { "dependencies": { "iceberg-js": "^0.8.1", "tslib": "2.8.1" } }, "sha512-UmyL+SB4cOBsejAaJ8LnLIm31585shJtnTezCCLMHyo2AauoH13sKJqPllf/8HMcGYqd0a4kHrA5t2nz+MSARA=="],

    "@supabase/supabase-js": ["@supabase/supabase-js@2.110.9", "", { "dependencies": { "@supabase/auth-js": "2.110.9", "@supabase/functions-js": "2.110.9", "@supabase/postgrest-js": "2.110.9", "@supabase/realtime-js": "2.110.9", "@supabase/storage-js": "2.110.9" } }, "sha512-C8UVe+x6hymwiLdJntQCm9zMD5+40tWF6j+17Z6g8NJnBAWEiuM9wXYAqgDzGAQF6oqrkHddmnZwWZZtEp0zeA=="],

    "@types/bun": ["@types/bun@1.3.14", "", { "dependencies": { "bun-types": "1.3.14" } }, "sha512-h1hFqFVcvAvD9j9K7ZW7vd82aSA+rTdznZa+5bwvCwqSB1jmmfLcbIWhOLx1/+boy/xmjgCs/OMUL8hRJSmnPw=="],

    "@types/node": ["@types/node@26.1.1", "", { "dependencies": { "undici-types": "~8.3.0" } }, "sha512-nxAkRSVkN1Y0JC1W8ky/fTfkGsMmcrRsbx+3XoZE+rMOX71kLYTV7fLXpqud1GpbpP5TuffXFqfX7fH2GgZREw=="],

    "bun-types": ["bun-types@1.3.14", "", { "dependencies": { "@types/node": "*" } }, "sha512-4N0ig0fEomHt5R0KCFWjovxow98rIoRwKolrYdCcknNwMekCXRnWEUvgu5soYV8QXtVsrUD8B95MBOZGPvr6KQ=="],

    "chownr": ["chownr@3.0.0", "", {}, "sha512-+IxzY9BZOQd/XuYPRmrvEVjF/nqj5kgT4kEq7VofrDoM1MxoRjEWkrCC3EtLi59TVawxTAn+orJwFQcrqEN1+g=="],

    "iceberg-js": ["iceberg-js@0.8.1", "", {}, "sha512-1dhVQZXhcHje7798IVM+xoo/1ZdVfzOMIc8/rgVSijRK38EDqOJoGula9N/8ZI5RD8QTxNQtK/Gozpr+qUqRRA=="],

    "minipass": ["minipass@7.1.3", "", {}, "sha512-tEBHqDnIoM/1rXME1zgka9g6Q2lcoCkxHLuc7ODJ5BxbP5d4c2Z5cGgtXAku59200Cx7diuHTOYfSBD8n6mm8A=="],

    "minizlib": ["minizlib@3.1.0", "", { "dependencies": { "minipass": "^7.1.2" } }, "sha512-KZxYo1BUkWD2TVFLr0MQoM8vUUigWD3LlD83a/75BqC+4qE0Hb1Vo5v1FgcfaNXvfXzr+5EhQ6ing/CaBijTlw=="],

    "tar": ["tar@7.5.22", "", { "dependencies": { "@isaacs/fs-minipass": "^4.0.0", "chownr": "^3.0.0", "minipass": "^7.1.2", "minizlib": "^3.1.0", "yallist": "^5.0.0" } }, "sha512-MFO/QzvtAOmJbkhOaCTvbGcFN9L9b+JunIsDwaKljSOdcLMea3NJ1k9Usz/rjdfSXTq4dfzfeS7W4p4YOAAHeA=="],

    "tslib": ["tslib@2.8.1", "", {}, "sha512-oJFu94HQb+KVduSUQL7wnpmqnfmLsOA/nAh6b6EH0wCEoK0/mPeXU6c3wKDV83MkOuHPRHtSXKKU99IBazS/2w=="],

    "typescript": ["typescript@5.9.3", "", { "bin": { "tsc": "bin/tsc", "tsserver": "bin/tsserver" } }, "sha512-jl1vZzPDinLr9eUt3J/t7V6FgNEw9QjvBPdysz9KfQDD41fQrC2Y4vKQdiaUpFT4bXlb1RHhLpp8wtm6M5TgSw=="],

    "undici-types": ["undici-types@8.3.0", "", {}, "sha512-j375ScV60dom+YkPFIfTLcOiPxkN/buHz5GobjLhixFuANaNs3C9l4GmrWqejgXWJ7BbJcFYpTEUkS1Ge8bpZQ=="],

    "yallist": ["yallist@5.0.0", "", {}, "sha512-YgvUTfwqyc7UXVMrB+SImsVYSmTS8X/tSrtdNZMImM+n7+QTriRXyXim0mBrTXNeqzVF0KWGgHPeiyViFFrNDw=="],
  }
}
